
Microsoft Visual Studio Solution File, Format Version 12.00
# Visual Studio Version 17
VisualStudioVersion = 17.4.33213.308
MinimumVisualStudioVersion = 10.0.40219.1
Project("{FAE04EC0-301F-11D3-BF4B-00C04F79EFBC}") = "ExercíciosTI20N", "ExercíciosTI20N\ExercíciosTI20N.csproj", "{996715C1-E8B2-4F69-BFE2-C29234AFC527}"
EndProject
Global
	GlobalSection(SolutionConfigurationPlatforms) = preSolution
		Debug|Any CPU = Debug|Any CPU
		Release|Any CPU = Release|Any CPU
	EndGlobalSection
	GlobalSection(ProjectConfigurationPlatforms) = postSolution
		{996715C1-E8B2-4F69-BFE2-C29234AFC527}.Debug|Any CPU.ActiveCfg = Debug|Any CPU
		{996715C1-E8B2-4F69-BFE2-C29234AFC527}.Debug|Any CPU.Build.0 = Debug|Any CPU
		{996715C1-E8B2-4F69-BFE2-C29234AFC527}.Release|Any CPU.ActiveCfg = Release|Any CPU
		{996715C1-E8B2-4F69-BFE2-C29234AFC527}.Release|Any CPU.Build.0 = Release|Any CPU
	EndGlobalSection
	GlobalSection(SolutionProperties) = preSolution
		HideSolutionNode = FALSE
	EndGlobalSection
	GlobalSection(ExtensibilityGlobals) = postSolution
		SolutionGuid = {7796746B-EAD0-4866-92F5-627D286EF306}
	EndGlobalSection
EndGlobal
